
Microsoft Visual Studio Solution File, Format Version 10.00
# Visual Studio 2008
Project("{FAE04EC0-301F-11D3-BF4B-00C04F79EFBC}") = "1.3 Understand the Structure of a Silverlight Solution", "Recipe1.3\1.3 Understand the Structure of a Silverlight Solution.csproj", "{ECFBB778-3EFD-46AB-8199-DF75BB79F59B}"
EndProject
Project("{FAE04EC0-301F-11D3-BF4B-00C04F79EFBC}") = "TestWeb", "TestWeb\TestWeb.csproj", "{51DF2599-9084-47F8-96C0-215DD320844A}"
EndProject
Project("{FAE04EC0-301F-11D3-BF4B-00C04F79EFBC}") = "1.5 Understand the Basics of Expression Blend", "Recipe1.5\1.5 Understand the Basics of Expression Blend.csproj", "{BCBF8E15-8594-48AA-8C18-6E29E081E858}"
EndProject
Global
	GlobalSection(SolutionConfigurationPlatforms) = preSolution
		Debug|Any CPU = Debug|Any CPU
		Release|Any CPU = Release|Any CPU
	EndGlobalSection
	GlobalSection(ProjectConfigurationPlatforms) = postSolution
		{ECFBB778-3EFD-46AB-8199-DF75BB79F59B}.Debug|Any CPU.ActiveCfg = Debug|Any CPU
		{ECFBB778-3EFD-46AB-8199-DF75BB79F59B}.Debug|Any CPU.Build.0 = Debug|Any CPU
		{ECFBB778-3EFD-46AB-8199-DF75BB79F59B}.Release|Any CPU.ActiveCfg = Release|Any CPU
		{ECFBB778-3EFD-46AB-8199-DF75BB79F59B}.Release|Any CPU.Build.0 = Release|Any CPU
		{51DF2599-9084-47F8-96C0-215DD320844A}.Debug|Any CPU.ActiveCfg = Debug|Any CPU
		{51DF2599-9084-47F8-96C0-215DD320844A}.Debug|Any CPU.Build.0 = Debug|Any CPU
		{51DF2599-9084-47F8-96C0-215DD320844A}.Release|Any CPU.ActiveCfg = Release|Any CPU
		{51DF2599-9084-47F8-96C0-215DD320844A}.Release|Any CPU.Build.0 = Release|Any CPU
		{BCBF8E15-8594-48AA-8C18-6E29E081E858}.Debug|Any CPU.ActiveCfg = Debug|Any CPU
		{BCBF8E15-8594-48AA-8C18-6E29E081E858}.Debug|Any CPU.Build.0 = Debug|Any CPU
		{BCBF8E15-8594-48AA-8C18-6E29E081E858}.Release|Any CPU.ActiveCfg = Release|Any CPU
		{BCBF8E15-8594-48AA-8C18-6E29E081E858}.Release|Any CPU.Build.0 = Release|Any CPU
	EndGlobalSection
	GlobalSection(SolutionProperties) = preSolution
		HideSolutionNode = FALSE
	EndGlobalSection
EndGlobal
